// !$*UTF8*$!
{
	archiveVersion = 1;
	classes = {
	};
	objectVersion = 77;
	objects = {

/* Begin PBXContainerItemProxy section */
		F0FDCA702DCAC635001D92EC /* PBXContainerItemProxy */ = {
			isa = PBXContainerItemProxy;
			containerPortal = BE18CCA62DC4938C00306827 /* Project object */;
			proxyType = 1;
			remoteGlobalIDString = BE18CCAD2DC4938C00306827;
			remoteInfo = "KetoDietApp-SwiftUI";
		};
		F0FDCA7D2DCAC64E001D92EC /* PBXContainerItemProxy */ = {
			isa = PBXContainerItemProxy;
			containerPortal = BE18CCA62DC4938C00306827 /* Project object */;
			proxyType = 1;
			remoteGlobalIDString = BE18CCAD2DC4938C00306827;
			remoteInfo = "KetoDietApp-SwiftUI";
		};
/* End PBXContainerItemProxy section */

/* Begin PBXFileReference section */
		BE18CCAE2DC4938C00306827 /* KetoDietApp-SwiftUI.app */ = {isa = PBXFileReference; explicitFileType = wrapper.application; includeInIndex = 0; path = "KetoDietApp-SwiftUI.app"; sourceTree = BUILT_PRODUCTS_DIR; };
		F0FDCA6A2DCAC635001D92EC /* KetoDietApp-SwiftUIUITests.xctest */ = {isa = PBXFileReference; explicitFileType = wrapper.cfbundle; includeInIndex = 0; path = "KetoDietApp-SwiftUIUITests.xctest"; sourceTree = BUILT_PRODUCTS_DIR; };
		F0FDCA792DCAC64E001D92EC /* KetoDietApp-SwiftUIUnitTests.xctest */ = {isa = PBXFileReference; explicitFileType = wrapper.cfbundle; includeInIndex = 0; path = "KetoDietApp-SwiftUIUnitTests.xctest"; sourceTree = BUILT_PRODUCTS_DIR; };
/* End PBXFileReference section */

/* Begin PBXFileSystemSynchronizedBuildFileExceptionSet section */
		F06F06832DC80B7800CA8AF4 /* Exceptions for "KetoDietApp-SwiftUI" folder in "KetoDietApp-SwiftUI" target */ = {
			isa = PBXFileSystemSynchronizedBuildFileExceptionSet;
			membershipExceptions = (
				Info.plist,
			);
			target = BE18CCAD2DC4938C00306827 /* KetoDietApp-SwiftUI */;
		};
/* End PBXFileSystemSynchronizedBuildFileExceptionSet section */

/* Begin PBXFileSystemSynchronizedRootGroup section */
		BE18CCB02DC4938C00306827 /* KetoDietApp-SwiftUI */ = {
			isa = PBXFileSystemSynchronizedRootGroup;
			exceptions = (
				F06F06832DC80B7800CA8AF4 /* Exceptions for "KetoDietApp-SwiftUI" folder in "KetoDietApp-SwiftUI" target */,
			);
			path = "KetoDietApp-SwiftUI";
			sourceTree = "<group>";
		};
		F0FDCA6B2DCAC635001D92EC /* KetoDietApp-SwiftUIUITests */ = {
			isa = PBXFileSystemSynchronizedRootGroup;
			path = "KetoDietApp-SwiftUIUITests";
			sourceTree = "<group>";
		};
		F0FDCA7A2DCAC64E001D92EC /* KetoDietApp-SwiftUIUnitTests */ = {
			isa = PBXFileSystemSynchronizedRootGroup;
			path = "KetoDietApp-SwiftUIUnitTests";
			sourceTree = "<group>";
		};
/* End PBXFileSystemSynchronizedRootGroup section */

/* Begin PBXFrameworksBuildPhase section */
		BE18CCAB2DC4938C00306827 /* Frameworks */ = {
			isa = PBXFrameworksBuildPhase;
			buildActionMask = 2147483647;
			files = (
			);
			runOnlyForDeploymentPostprocessing = 0;
		};
		F0FDCA672DCAC635001D92EC /* Frameworks */ = {
			isa = PBXFrameworksBuildPhase;
			buildActionMask = 2147483647;
			files = (
			);
			runOnlyForDeploymentPostprocessing = 0;
		};
		F0FDCA762DCAC64E001D92EC /* Frameworks */ = {
			isa = PBXFrameworksBuildPhase;
			buildActionMask = 2147483647;
			files = (
			);
			runOnlyForDeploymentPostprocessing = 0;
		};
/* End PBXFrameworksBuildPhase section */

/* Begin PBXGroup section */
		BE18CCA52DC4938C00306827 = {
			isa = PBXGroup;
			children = (
				BE18CCB02DC4938C00306827 /* KetoDietApp-SwiftUI */,
				F0FDCA6B2DCAC635001D92EC /* KetoDietApp-SwiftUIUITests */,
				F0FDCA7A2DCAC64E001D92EC /* KetoDietApp-SwiftUIUnitTests */,
				BE18CCAF2DC4938C00306827 /* Products */,
			);
			sourceTree = "<group>";
		};
		BE18CCAF2DC4938C00306827 /* Products */ = {
			isa = PBXGroup;
			children = (
				BE18CCAE2DC4938C00306827 /* KetoDietApp-SwiftUI.app */,
				F0FDCA6A2DCAC635001D92EC /* KetoDietApp-SwiftUIUITests.xctest */,
				F0FDCA792DCAC64E001D92EC /* KetoDietApp-SwiftUIUnitTests.xctest */,
			);
			name = Products;
			sourceTree = "<group>";
		};
/* End PBXGroup section */

/* Begin PBXNativeTarget section */
		BE18CCAD2DC4938C00306827 /* KetoDietApp-SwiftUI */ = {
			isa = PBXNativeTarget;
			buildConfigurationList = BE18CCB92DC4938D00306827 /* Build configuration list for PBXNativeTarget "KetoDietApp-SwiftUI" */;
			buildPhases = (
				BE18CCAA2DC4938C00306827 /* Sources */,
				BE18CCAB2DC4938C00306827 /* Frameworks */,
				BE18CCAC2DC4938C00306827 /* Resources */,
			);
			buildRules = (
			);
			dependencies = (
			);
			fileSystemSynchronizedGroups = (
				BE18CCB02DC4938C00306827 /* KetoDietApp-SwiftUI */,
			);
			name = "KetoDietApp-SwiftUI";
			packageProductDependencies = (
			);
			productName = "KetoDietApp-SwiftUI";
			productReference = BE18CCAE2DC4938C00306827 /* KetoDietApp-SwiftUI.app */;
			productType = "com.apple.product-type.application";
		};
		F0FDCA692DCAC635001D92EC /* KetoDietApp-SwiftUIUITests */ = {
			isa = PBXNativeTarget;
			buildConfigurationList = F0FDCA722DCAC635001D92EC /* Build configuration list for PBXNativeTarget "KetoDietApp-SwiftUIUITests" */;
			buildPhases = (
				F0FDCA662DCAC635001D92EC /* Sources */,
				F0FDCA672DCAC635001D92EC /* Frameworks */,
				F0FDCA682DCAC635001D92EC /* Resources */,
			);
			buildRules = (
			);
			dependencies = (
				F0FDCA712DCAC635001D92EC /* PBXTargetDependency */,
			);
			fileSystemSynchronizedGroups = (
				F0FDCA6B2DCAC635001D92EC /* KetoDietApp-SwiftUIUITests */,
			);
			name = "KetoDietApp-SwiftUIUITests";
			packageProductDependencies = (
			);
			productName = "KetoDietApp-SwiftUIUITests";
			productReference = F0FDCA6A2DCAC635001D92EC /* KetoDietApp-SwiftUIUITests.xctest */;
			productType = "com.apple.product-type.bundle.ui-testing";
		};
		F0FDCA782DCAC64E001D92EC /* KetoDietApp-SwiftUIUnitTests */ = {
			isa = PBXNativeTarget;
			buildConfigurationList = F0FDCA7F2DCAC64E001D92EC /* Build configuration list for PBXNativeTarget "KetoDietApp-SwiftUIUnitTests" */;
			buildPhases = (
				F0FDCA752DCAC64E001D92EC /* Sources */,
				F0FDCA762DCAC64E001D92EC /* Frameworks */,
				F0FDCA772DCAC64E001D92EC /* Resources */,
			);
			buildRules = (
			);
			dependencies = (
				F0FDCA7E2DCAC64E001D92EC /* PBXTargetDependency */,
			);
			fileSystemSynchronizedGroups = (
				F0FDCA7A2DCAC64E001D92EC /* KetoDietApp-SwiftUIUnitTests */,
			);
			name = "KetoDietApp-SwiftUIUnitTests";
			packageProductDependencies = (
			);
			productName = "KetoDietApp-SwiftUIUnitTests";
			productReference = F0FDCA792DCAC64E001D92EC /* KetoDietApp-SwiftUIUnitTests.xctest */;
			productType = "com.apple.product-type.bundle.unit-test";
		};
/* End PBXNativeTarget section */

/* Begin PBXProject section */
		BE18CCA62DC4938C00306827 /* Project object */ = {
			isa = PBXProject;
			attributes = {
				BuildIndependentTargetsInParallel = 1;
				LastSwiftUpdateCheck = 1630;
				LastUpgradeCheck = 1630;
				TargetAttributes = {
					BE18CCAD2DC4938C00306827 = {
						CreatedOnToolsVersion = 16.3;
					};
					F0FDCA692DCAC635001D92EC = {
						CreatedOnToolsVersion = 16.3;
						TestTargetID = BE18CCAD2DC4938C00306827;
					};
					F0FDCA782DCAC64E001D92EC = {
						CreatedOnToolsVersion = 16.3;
						TestTargetID = BE18CCAD2DC4938C00306827;
					};
				};
			};
			buildConfigurationList = BE18CCA92DC4938C00306827 /* Build configuration list for PBXProject "KetoDietApp-SwiftUI" */;
			developmentRegion = en;
			hasScannedForEncodings = 0;
			knownRegions = (
				en,
				Base,
			);
			mainGroup = BE18CCA52DC4938C00306827;
			minimizedProjectReferenceProxies = 1;
			preferredProjectObjectVersion = 77;
			productRefGroup = BE18CCAF2DC4938C00306827 /* Products */;
			projectDirPath = "";
			projectRoot = "";
			targets = (
				BE18CCAD2DC4938C00306827 /* KetoDietApp-SwiftUI */,
				F0FDCA692DCAC635001D92EC /* KetoDietApp-SwiftUIUITests */,
				F0FDCA782DCAC64E001D92EC /* KetoDietApp-SwiftUIUnitTests */,
			);
		};
/* End PBXProject section */

/* Begin PBXResourcesBuildPhase section */
		BE18CCAC2DC4938C00306827 /* Resources */ = {
			isa = PBXResourcesBuildPhase;
			buildActionMask = 2147483647;
			files = (
			);
			runOnlyForDeploymentPostprocessing = 0;
		};
		F0FDCA682DCAC635001D92EC /* Resources */ = {
			isa = PBXResourcesBuildPhase;
			buildActionMask = 2147483647;
			files = (
			);
			runOnlyForDeploymentPostprocessing = 0;
		};
		F0FDCA772DCAC64E001D92EC /* Resources */ = {
			isa = PBXResourcesBuildPhase;
			buildActionMask = 2147483647;
			files = (
			);
			runOnlyForDeploymentPostprocessing = 0;
		};
/* End PBXResourcesBuildPhase section */

/* Begin PBXSourcesBuildPhase section */
		BE18CCAA2DC4938C00306827 /* Sources */ = {
			isa = PBXSourcesBuildPhase;
			buildActionMask = 2147483647;
			files = (
			);
			runOnlyForDeploymentPostprocessing = 0;
		};
		F0FDCA662DCAC635001D92EC /* Sources */ = {
			isa = PBXSourcesBuildPhase;
			buildActionMask = 2147483647;
			files = (
			);
			runOnlyForDeploymentPostprocessing = 0;
		};
		F0FDCA752DCAC64E001D92EC /* Sources */ = {
			isa = PBXSourcesBuildPhase;
			buildActionMask = 2147483647;
			files = (
			);
			runOnlyForDeploymentPostprocessing = 0;
		};
/* End PBXSourcesBuildPhase section */

/* Begin PBXTargetDependency section */
		F0FDCA712DCAC635001D92EC /* PBXTargetDependency */ = {
			isa = PBXTargetDependency;
			target = BE18CCAD2DC4938C00306827 /* KetoDietApp-SwiftUI */;
			targetProxy = F0FDCA702DCAC635001D92EC /* PBXContainerItemProxy */;
		};
		F0FDCA7E2DCAC64E001D92EC /* PBXTargetDependency */ = {
			isa = PBXTargetDependency;
			target = BE18CCAD2DC4938C00306827 /* KetoDietApp-SwiftUI */;
			targetProxy = F0FDCA7D2DCAC64E001D92EC /* PBXContainerItemProxy */;
		};
/* End PBXTargetDependency section */

/* Begin XCBuildConfiguration section */
		BE18CCB72DC4938D00306827 /* Debug */ = {
			isa = XCBuildConfiguration;
			buildSettings = {
				ALWAYS_SEARCH_USER_PATHS = NO;
				ASSETCATALOG_COMPILER_GENERATE_SWIFT_ASSET_SYMBOL_EXTENSIONS = YES;
				CLANG_ANALYZER_NONNULL = YES;
				CLANG_ANALYZER_NUMBER_OBJECT_CONVERSION = YES_AGGRESSIVE;
				CLANG_CXX_LANGUAGE_STANDARD = "gnu++20";
				CLANG_ENABLE_MODULES = YES;
				CLANG_ENABLE_OBJC_ARC = YES;
				CLANG_ENABLE_OBJC_WEAK = YES;
				CLANG_WARN_BLOCK_CAPTURE_AUTORELEASING = YES;
				CLANG_WARN_BOOL_CONVERSION = YES;
				CLANG_WARN_COMMA = YES;
				CLANG_WARN_CONSTANT_CONVERSION = YES;
				CLANG_WARN_DEPRECATED_OBJC_IMPLEMENTATIONS = YES;
				CLANG_WARN_DIRECT_OBJC_ISA_USAGE = YES_ERROR;
				CLANG_WARN_DOCUMENTATION_COMMENTS = YES;
				CLANG_WARN_EMPTY_BODY = YES;
				CLANG_WARN_ENUM_CONVERSION = YES;
				CLANG_WARN_INFINITE_RECURSION = YES;
				CLANG_WARN_INT_CONVERSION = YES;
				CLANG_WARN_NON_LITERAL_NULL_CONVERSION = YES;
				CLANG_WARN_OBJC_IMPLICIT_RETAIN_SELF = YES;
				CLANG_WARN_OBJC_LITERAL_CONVERSION = YES;
				CLANG_WARN_OBJC_ROOT_CLASS = YES_ERROR;
				CLANG_WARN_QUOTED_INCLUDE_IN_FRAMEWORK_HEADER = YES;
				CLANG_WARN_RANGE_LOOP_ANALYSIS = YES;
				CLANG_WARN_STRICT_PROTOTYPES = YES;
				CLANG_WARN_SUSPICIOUS_MOVE = YES;
				CLANG_WARN_UNGUARDED_AVAILABILITY = YES_AGGRESSIVE;
				CLANG_WARN_UNREACHABLE_CODE = YES;
				CLANG_WARN__DUPLICATE_METHOD_MATCH = YES;
				COPY_PHASE_STRIP = NO;
				DEBUG_INFORMATION_FORMAT = dwarf;
				ENABLE_STRICT_OBJC_MSGSEND = YES;
				ENABLE_TESTABILITY = YES;
				ENABLE_USER_SCRIPT_SANDBOXING = YES;
				GCC_C_LANGUAGE_STANDARD = gnu17;
				GCC_DYNAMIC_NO_PIC = NO;
				GCC_NO_COMMON_BLOCKS = YES;
				GCC_OPTIMIZATION_LEVEL = 0;
				GCC_PREPROCESSOR_DEFINITIONS = (
					"DEBUG=1",
					"$(inherited)",
				);
				GCC_WARN_64_TO_32_BIT_CONVERSION = YES;
				GCC_WARN_ABOUT_RETURN_TYPE = YES_ERROR;
				GCC_WARN_UNDECLARED_SELECTOR = YES;
				GCC_WARN_UNINITIALIZED_AUTOS = YES_AGGRESSIVE;
				GCC_WARN_UNUSED_FUNCTION = YES;
				GCC_WARN_UNUSED_VARIABLE = YES;
				IPHONEOS_DEPLOYMENT_TARGET = 18.4;
				LOCALIZATION_PREFERS_STRING_CATALOGS = YES;
				MTL_ENABLE_DEBUG_INFO = INCLUDE_SOURCE;
				MTL_FAST_MATH = YES;
				ONLY_ACTIVE_ARCH = YES;
				SDKROOT = iphoneos;
				SWIFT_ACTIVE_COMPILATION_CONDITIONS = "DEBUG $(inherited)";
				SWIFT_OPTIMIZATION_LEVEL = "-Onone";
			};
			name = Debug;
		};
		BE18CCB82DC4938D00306827 /* Release */ = {
			isa = XCBuildConfiguration;
			buildSettings = {
				ALWAYS_SEARCH_USER_PATHS = NO;
				ASSETCATALOG_COMPILER_GENERATE_SWIFT_ASSET_SYMBOL_EXTENSIONS = YES;
				CLANG_ANALYZER_NONNULL = YES;
				CLANG_ANALYZER_NUMBER_OBJECT_CONVERSION = YES_AGGRESSIVE;
				CLANG_CXX_LANGUAGE_STANDARD = "gnu++20";
				CLANG_ENABLE_MODULES = YES;
				CLANG_ENABLE_OBJC_ARC = YES;
				CLANG_ENABLE_OBJC_WEAK = YES;
				CLANG_WARN_BLOCK_CAPTURE_AUTORELEASING = YES;
				CLANG_WARN_BOOL_CONVERSION = YES;
				CLANG_WARN_COMMA = YES;
				CLANG_WARN_CONSTANT_CONVERSION = YES;
				CLANG_WARN_DEPRECATED_OBJC_IMPLEMENTATIONS = YES;
				CLANG_WARN_DIRECT_OBJC_ISA_USAGE = YES_ERROR;
				CLANG_WARN_DOCUMENTATION_COMMENTS = YES;
				CLANG_WARN_EMPTY_BODY = YES;
				CLANG_WARN_ENUM_CONVERSION = YES;
				CLANG_WARN_INFINITE_RECURSION = YES;
				CLANG_WARN_INT_CONVERSION = YES;
				CLANG_WARN_NON_LITERAL_NULL_CONVERSION = YES;
				CLANG_WARN_OBJC_IMPLICIT_RETAIN_SELF = YES;
				CLANG_WARN_OBJC_LITERAL_CONVERSION = YES;
				CLANG_WARN_OBJC_ROOT_CLASS = YES_ERROR;
				CLANG_WARN_QUOTED_INCLUDE_IN_FRAMEWORK_HEADER = YES;
				CLANG_WARN_RANGE_LOOP_ANALYSIS = YES;
				CLANG_WARN_STRICT_PROTOTYPES = YES;
				CLANG_WARN_SUSPICIOUS_MOVE = YES;
				CLANG_WARN_UNGUARDED_AVAILABILITY = YES_AGGRESSIVE;
				CLANG_WARN_UNREACHABLE_CODE = YES;
				CLANG_WARN__DUPLICATE_METHOD_MATCH = YES;
				COPY_PHASE_STRIP = NO;
				DEBUG_INFORMATION_FORMAT = "dwarf-with-dsym";
				ENABLE_NS_ASSERTIONS = NO;
				ENABLE_STRICT_OBJC_MSGSEND = YES;
				ENABLE_USER_SCRIPT_SANDBOXING = YES;
				GCC_C_LANGUAGE_STANDARD = gnu17;
				GCC_NO_COMMON_BLOCKS = YES;
				GCC_WARN_64_TO_32_BIT_CONVERSION = YES;
				GCC_WARN_ABOUT_RETURN_TYPE = YES_ERROR;
				GCC_WARN_UNDECLARED_SELECTOR = YES;
				GCC_WARN_UNINITIALIZED_AUTOS = YES_AGGRESSIVE;
				GCC_WARN_UNUSED_FUNCTION = YES;
				GCC_WARN_UNUSED_VARIABLE = YES;
				IPHONEOS_DEPLOYMENT_TARGET = 18.4;
				LOCALIZATION_PREFERS_STRING_CATALOGS = YES;
				MTL_ENABLE_DEBUG_INFO = NO;
				MTL_FAST_MATH = YES;
				SDKROOT = iphoneos;
				SWIFT_COMPILATION_MODE = wholemodule;
				VALIDATE_PRODUCT = YES;
			};
			name = Release;
		};
		BE18CCBA2DC4938D00306827 /* Debug */ = {
			isa = XCBuildConfiguration;
			buildSettings = {
				ASSETCATALOG_COMPILER_APPICON_NAME = AppIcon;
				ASSETCATALOG_COMPILER_GLOBAL_ACCENT_COLOR_NAME = AccentColor;
				CODE_SIGN_STYLE = Automatic;
				CURRENT_PROJECT_VERSION = 1;
				ENABLE_PREVIEWS = YES;
				GENERATE_INFOPLIST_FILE = YES;
				INFOPLIST_FILE = "KetoDietApp-SwiftUI/Info.plist";
				INFOPLIST_KEY_UIApplicationSceneManifest_Generation = YES;
				INFOPLIST_KEY_UIApplicationSupportsIndirectInputEvents = YES;
				INFOPLIST_KEY_UISupportedInterfaceOrientations_iPad = "UIInterfaceOrientationPortrait UIInterfaceOrientationPortraitUpsideDown UIInterfaceOrientationLandscapeLeft UIInterfaceOrientationLandscapeRight";
				INFOPLIST_KEY_UISupportedInterfaceOrientations_iPhone = "UIInterfaceOrientationPortrait UIInterfaceOrientationLandscapeLeft UIInterfaceOrientationLandscapeRight";
				LD_RUNPATH_SEARCH_PATHS = (
					"$(inherited)",
					"@executable_path/Frameworks",
				);
				MARKETING_VERSION = 1.0;
				PRODUCT_BUNDLE_IDENTIFIER = "com.appfolks.KetoDietApp-SwiftUI";
				PRODUCT_NAME = "$(TARGET_NAME)";
				SWIFT_EMIT_LOC_STRINGS = YES;
				SWIFT_VERSION = 5.0;
				TARGETED_DEVICE_FAMILY = "1,2";
			};
			name = Debug;
		};
		BE18CCBB2DC4938D00306827 /* Release */ = {
			isa = XCBuildConfiguration;
			buildSettings = {
				ASSETCATALOG_COMPILER_APPICON_NAME = AppIcon;
				ASSETCATALOG_COMPILER_GLOBAL_ACCENT_COLOR_NAME = AccentColor;
				CODE_SIGN_STYLE = Automatic;
				CURRENT_PROJECT_VERSION = 1;
				ENABLE_PREVIEWS = YES;
				GENERATE_INFOPLIST_FILE = YES;
				INFOPLIST_FILE = "KetoDietApp-SwiftUI/Info.plist";
				INFOPLIST_KEY_UIApplicationSceneManifest_Generation = YES;
				INFOPLIST_KEY_UIApplicationSupportsIndirectInputEvents = YES;
				INFOPLIST_KEY_UISupportedInterfaceOrientations_iPad = "UIInterfaceOrientationPortrait UIInterfaceOrientationPortraitUpsideDown UIInterfaceOrientationLandscapeLeft UIInterfaceOrientationLandscapeRight";
				INFOPLIST_KEY_UISupportedInterfaceOrientations_iPhone = "UIInterfaceOrientationPortrait UIInterfaceOrientationLandscapeLeft UIInterfaceOrientationLandscapeRight";
				LD_RUNPATH_SEARCH_PATHS = (
					"$(inherited)",
					"@executable_path/Frameworks",
				);
				MARKETING_VERSION = 1.0;
				PRODUCT_BUNDLE_IDENTIFIER = "com.appfolks.KetoDietApp-SwiftUI";
				PRODUCT_NAME = "$(TARGET_NAME)";
				SWIFT_EMIT_LOC_STRINGS = YES;
				SWIFT_VERSION = 5.0;
				TARGETED_DEVICE_FAMILY = "1,2";
			};
			name = Release;
		};
		F0FDCA732DCAC635001D92EC /* Debug */ = {
			isa = XCBuildConfiguration;
			buildSettings = {
				CODE_SIGN_STYLE = Automatic;
				CURRENT_PROJECT_VERSION = 1;
				GENERATE_INFOPLIST_FILE = YES;
				MARKETING_VERSION = 1.0;
				PRODUCT_BUNDLE_IDENTIFIER = "com.appfolks.KetoDietApp-SwiftUIUITests";
				PRODUCT_NAME = "$(TARGET_NAME)";
				SWIFT_EMIT_LOC_STRINGS = NO;
				SWIFT_VERSION = 5.0;
				TARGETED_DEVICE_FAMILY = "1,2";
				TEST_TARGET_NAME = "KetoDietApp-SwiftUI";
			};
			name = Debug;
		};
		F0FDCA742DCAC635001D92EC /* Release */ = {
			isa = XCBuildConfiguration;
			buildSettings = {
				CODE_SIGN_STYLE = Automatic;
				CURRENT_PROJECT_VERSION = 1;
				GENERATE_INFOPLIST_FILE = YES;
				MARKETING_VERSION = 1.0;
				PRODUCT_BUNDLE_IDENTIFIER = "com.appfolks.KetoDietApp-SwiftUIUITests";
				PRODUCT_NAME = "$(TARGET_NAME)";
				SWIFT_EMIT_LOC_STRINGS = NO;
				SWIFT_VERSION = 5.0;
				TARGETED_DEVICE_FAMILY = "1,2";
				TEST_TARGET_NAME = "KetoDietApp-SwiftUI";
			};
			name = Release;
		};
		F0FDCA802DCAC64E001D92EC /* Debug */ = {
			isa = XCBuildConfiguration;
			buildSettings = {
				BUNDLE_LOADER = "$(TEST_HOST)";
				CODE_SIGN_STYLE = Automatic;
				CURRENT_PROJECT_VERSION = 1;
				GENERATE_INFOPLIST_FILE = YES;
				MARKETING_VERSION = 1.0;
				PRODUCT_BUNDLE_IDENTIFIER = "com.appfolks.KetoDietApp-SwiftUIUnitTests";
				PRODUCT_NAME = "$(TARGET_NAME)";
				SWIFT_EMIT_LOC_STRINGS = NO;
				SWIFT_VERSION = 5.0;
				TARGETED_DEVICE_FAMILY = "1,2";
				TEST_HOST = "$(BUILT_PRODUCTS_DIR)/KetoDietApp-SwiftUI.app/$(BUNDLE_EXECUTABLE_FOLDER_PATH)/KetoDietApp-SwiftUI";
			};
			name = Debug;
		};
		F0FDCA812DCAC64E001D92EC /* Release */ = {
			isa = XCBuildConfiguration;
			buildSettings = {
				BUNDLE_LOADER = "$(TEST_HOST)";
				CODE_SIGN_STYLE = Automatic;
				CURRENT_PROJECT_VERSION = 1;
				GENERATE_INFOPLIST_FILE = YES;
				MARKETING_VERSION = 1.0;
				PRODUCT_BUNDLE_IDENTIFIER = "com.appfolks.KetoDietApp-SwiftUIUnitTests";
				PRODUCT_NAME = "$(TARGET_NAME)";
				SWIFT_EMIT_LOC_STRINGS = NO;
				SWIFT_VERSION = 5.0;
				TARGETED_DEVICE_FAMILY = "1,2";
				TEST_HOST = "$(BUILT_PRODUCTS_DIR)/KetoDietApp-SwiftUI.app/$(BUNDLE_EXECUTABLE_FOLDER_PATH)/KetoDietApp-SwiftUI";
			};
			name = Release;
		};
/* End XCBuildConfiguration section */

/* Begin XCConfigurationList section */
		BE18CCA92DC4938C00306827 /* Build configuration list for PBXProject "KetoDietApp-SwiftUI" */ = {
			isa = XCConfigurationList;
			buildConfigurations = (
				BE18CCB72DC4938D00306827 /* Debug */,
				BE18CCB82DC4938D00306827 /* Release */,
			);
			defaultConfigurationIsVisible = 0;
			defaultConfigurationName = Release;
		};
		BE18CCB92DC4938D00306827 /* Build configuration list for PBXNativeTarget "KetoDietApp-SwiftUI" */ = {
			isa = XCConfigurationList;
			buildConfigurations = (
				BE18CCBA2DC4938D00306827 /* Debug */,
				BE18CCBB2DC4938D00306827 /* Release */,
			);
			defaultConfigurationIsVisible = 0;
			defaultConfigurationName = Release;
		};
		F0FDCA722DCAC635001D92EC /* Build configuration list for PBXNativeTarget "KetoDietApp-SwiftUIUITests" */ = {
			isa = XCConfigurationList;
			buildConfigurations = (
				F0FDCA732DCAC635001D92EC /* Debug */,
				F0FDCA742DCAC635001D92EC /* Release */,
			);
			defaultConfigurationIsVisible = 0;
			defaultConfigurationName = Release;
		};
		F0FDCA7F2DCAC64E001D92EC /* Build configuration list for PBXNativeTarget "KetoDietApp-SwiftUIUnitTests" */ = {
			isa = XCConfigurationList;
			buildConfigurations = (
				F0FDCA802DCAC64E001D92EC /* Debug */,
				F0FDCA812DCAC64E001D92EC /* Release */,
			);
			defaultConfigurationIsVisible = 0;
			defaultConfigurationName = Release;
		};
/* End XCConfigurationList section */
	};
	rootObject = BE18CCA62DC4938C00306827 /* Project object */;
}
